
Microsoft Visual Studio Solution File, Format Version 12.00
# Visual Studio Version 16
VisualStudioVersion = 16.0.30503.244
MinimumVisualStudioVersion = 10.0.40219.1
Project("{FAE04EC0-301F-11D3-BF4B-00C04F79EFBC}") = "EDM Data Server", "EDM Data Server.csproj", "{200827D4-E0E5-4C97-81A6-CCF8A8663E05}"
EndProject
Global
	GlobalSection(SolutionConfigurationPlatforms) = preSolution
		Debug|Any CPU = Debug|Any CPU
		Release|Any CPU = Release|Any CPU
	EndGlobalSection
	GlobalSection(ProjectConfigurationPlatforms) = postSolution
		{200827D4-E0E5-4C97-81A6-CCF8A8663E05}.Debug|Any CPU.ActiveCfg = Debug|Any CPU
		{200827D4-E0E5-4C97-81A6-CCF8A8663E05}.Debug|Any CPU.Build.0 = Debug|Any CPU
		{200827D4-E0E5-4C97-81A6-CCF8A8663E05}.Release|Any CPU.ActiveCfg = Release|Any CPU
		{200827D4-E0E5-4C97-81A6-CCF8A8663E05}.Release|Any CPU.Build.0 = Release|Any CPU
	EndGlobalSection
	GlobalSection(SolutionProperties) = preSolution
		HideSolutionNode = FALSE
	EndGlobalSection
	GlobalSection(ExtensibilityGlobals) = postSolution
		SolutionGuid = {DE8D361E-26FC-466D-9F87-6821E61EC531}
	EndGlobalSection
EndGlobal
